
Microsoft Visual Studio Solution File, Format Version 12.00
# Visual Studio Version 16
VisualStudioVersion = 16.0.30517.126
MinimumVisualStudioVersion = 10.0.40219.1
Project("{FAE04EC0-301F-11D3-BF4B-00C04F79EFBC}") = "Ejercicio1", "Ejercicio1\Ejercicio1.csproj", "{6EFDBC82-C0B9-4895-9841-944A9166A319}"
EndProject
Global
	GlobalSection(SolutionConfigurationPlatforms) = preSolution
		Debug|Any CPU = Debug|Any CPU
		Release|Any CPU = Release|Any CPU
	EndGlobalSection
	GlobalSection(ProjectConfigurationPlatforms) = postSolution
		{6EFDBC82-C0B9-4895-9841-944A9166A319}.Debug|Any CPU.ActiveCfg = Debug|Any CPU
		{6EFDBC82-C0B9-4895-9841-944A9166A319}.Debug|Any CPU.Build.0 = Debug|Any CPU
		{6EFDBC82-C0B9-4895-9841-944A9166A319}.Release|Any CPU.ActiveCfg = Release|Any CPU
		{6EFDBC82-C0B9-4895-9841-944A9166A319}.Release|Any CPU.Build.0 = Release|Any CPU
	EndGlobalSection
	GlobalSection(SolutionProperties) = preSolution
		HideSolutionNode = FALSE
	EndGlobalSection
	GlobalSection(ExtensibilityGlobals) = postSolution
		SolutionGuid = {520FDDBD-1606-40ED-9859-300BBF97F68C}
	EndGlobalSection
EndGlobal
